
Microsoft Visual Studio Solution File, Format Version 12.00
# Visual Studio 15
VisualStudioVersion = 15.0.27130.2003
MinimumVisualStudioVersion = 10.0.40219.1
Project("{FAE04EC0-301F-11D3-BF4B-00C04F79EFBC}") = "ComplexSoftwareSystems_Miniproject_Clint_MTA17339", "ComplexSoftwareSystems_Miniproject_Clint_MTA17339\ComplexSoftwareSystems_Miniproject_Clint_MTA17339.csproj", "{CA483B9C-121C-4202-A9C7-7E799A6B7966}"
EndProject
Global
	GlobalSection(SolutionConfigurationPlatforms) = preSolution
		Debug|Any CPU = Debug|Any CPU
		Release|Any CPU = Release|Any CPU
	EndGlobalSection
	GlobalSection(ProjectConfigurationPlatforms) = postSolution
		{CA483B9C-121C-4202-A9C7-7E799A6B7966}.Debug|Any CPU.ActiveCfg = Debug|Any CPU
		{CA483B9C-121C-4202-A9C7-7E799A6B7966}.Debug|Any CPU.Build.0 = Debug|Any CPU
		{CA483B9C-121C-4202-A9C7-7E799A6B7966}.Release|Any CPU.ActiveCfg = Release|Any CPU
		{CA483B9C-121C-4202-A9C7-7E799A6B7966}.Release|Any CPU.Build.0 = Release|Any CPU
	EndGlobalSection
	GlobalSection(SolutionProperties) = preSolution
		HideSolutionNode = FALSE
	EndGlobalSection
	GlobalSection(ExtensibilityGlobals) = postSolution
		SolutionGuid = {4ECFE9C6-7ED2-48B9-8885-68773E3A321F}
	EndGlobalSection
EndGlobal
